
Microsoft Visual Studio Solution File, Format Version 12.00
# Visual Studio 14
VisualStudioVersion = 14.0.25420.1
MinimumVisualStudioVersion = 10.0.40219.1
Project("{FAE04EC0-301F-11D3-BF4B-00C04F79EFBC}") = "Pacman_CHABRIER_REGNARD", "Pacman_CHABRIER_REGNARD\Pacman_CHABRIER_REGNARD\Pacman_CHABRIER_REGNARD.csproj", "{484EB796-94F4-4734-BCF6-46D082CB5FF6}"
EndProject
Project("{96E2B04D-8817-42C6-938A-82C39BA4D311}") = "Pacman_CHABRIER_REGNARDContent", "Pacman_CHABRIER_REGNARD\Pacman_CHABRIER_REGNARDContent\Pacman_CHABRIER_REGNARDContent.contentproj", "{4900E519-A964-4677-963F-8C3C0F906155}"
EndProject
Global
	GlobalSection(SolutionConfigurationPlatforms) = preSolution
		Debug|x86 = Debug|x86
		Release|x86 = Release|x86
	EndGlobalSection
	GlobalSection(ProjectConfigurationPlatforms) = postSolution
		{484EB796-94F4-4734-BCF6-46D082CB5FF6}.Debug|x86.ActiveCfg = Debug|x86
		{484EB796-94F4-4734-BCF6-46D082CB5FF6}.Debug|x86.Build.0 = Debug|x86
		{484EB796-94F4-4734-BCF6-46D082CB5FF6}.Release|x86.ActiveCfg = Release|x86
		{484EB796-94F4-4734-BCF6-46D082CB5FF6}.Release|x86.Build.0 = Release|x86
		{4900E519-A964-4677-963F-8C3C0F906155}.Debug|x86.ActiveCfg = Debug|x86
		{4900E519-A964-4677-963F-8C3C0F906155}.Release|x86.ActiveCfg = Release|x86
	EndGlobalSection
	GlobalSection(SolutionProperties) = preSolution
		HideSolutionNode = FALSE
	EndGlobalSection
EndGlobal
